<?xml version="1.0" encoding="utf-8"?>
<Project ToolsVersion="4.0" xmlns="http://schemas.microsoft.com/developer/msbuild/2003">
  <ItemGroup>
    <Filter Include="源文件">
      <UniqueIdentifier>{4FC737F1-C7A5-4376-A066-2A32D752A2FF}</UniqueIdentifier>
      <Extensions>cpp;c;cc;cxx;c++;cppm;ixx;def;odl;idl;hpj;bat;asm;asmx</Extensions>
    </Filter>
    <Filter Include="头文件">
      <UniqueIdentifier>{93995380-89BD-4b04-88EB-625FBE52EBFB}</UniqueIdentifier>
      <Extensions>h;hh;hpp;hxx;h++;hm;inl;inc;ipp;xsd</Extensions>
    </Filter>
    <Filter Include="资源文件">
      <UniqueIdentifier>{67DA6AB6-F800-4c08-8B7A-83BB121AAD01}</UniqueIdentifier>
      <Extensions>rc;ico;cur;bmp;dlg;rc2;rct;bin;rgs;gif;jpg;jpeg;jpe;resx;tiff;tif;png;wav;mfcribbon-ms</Extensions>
    </Filter>
    <Filter Include="头文件\Communication">
      <UniqueIdentifier>{00832438-a000-4334-a051-db18c6e178e2}</UniqueIdentifier>
    </Filter>
    <Filter Include="源文件\Communication">
      <UniqueIdentifier>{8bbf27b9-9eb8-46f1-a4d3-6befe44d305c}</UniqueIdentifier>
    </Filter>
    <Filter Include="头文件\protocol">
      <UniqueIdentifier>{6f6aefa6-621f-468d-897c-34b89561082e}</UniqueIdentifier>
    </Filter>
    <Filter Include="源文件\protocol">
      <UniqueIdentifier>{4340d0d2-2851-4a4b-9a42-8b39871c2aab}</UniqueIdentifier>
    </Filter>
  </ItemGroup>
  <ItemGroup>
    <ClCompile Include="midMachineMain.cpp">
      <Filter>源文件</Filter>
    </ClCompile>
    <ClCompile Include="Communication\TCPClient.cpp">
      <Filter>源文件\Communication</Filter>
    </ClCompile>
    <ClCompile Include="Communication\TCPServer.cpp">
      <Filter>源文件\Communication</Filter>
    </ClCompile>
    <ClCompile Include="Communication\UDPClient.cpp">
      <Filter>源文件\Communication</Filter>
    </ClCompile>
    <ClCompile Include="Communication\UDPServer.cpp">
      <Filter>源文件\Communication</Filter>
    </ClCompile>
  </ItemGroup>
  <ItemGroup>
    <ClInclude Include="Communication\TCPClient.h">
      <Filter>头文件\Communication</Filter>
    </ClInclude>
    <ClInclude Include="Communication\TCPServer.h">
      <Filter>头文件\Communication</Filter>
    </ClInclude>
    <ClInclude Include="Communication\UDPClient.h">
      <Filter>头文件\Communication</Filter>
    </ClInclude>
    <ClInclude Include="Communication\UDPServer.h">
      <Filter>头文件\Communication</Filter>
    </ClInclude>
  </ItemGroup>
</Project>